
Microsoft Visual Studio Solution File, Format Version 12.00
# Visual Studio Version 17
VisualStudioVersion = 17.5.33627.172
MinimumVisualStudioVersion = 10.0.40219.1
Project("{9A19103F-16F7-4668-BE54-9A1E7A4F7556}") = "SangoLog", "SangoLog\SangoLog.csproj", "{518C92AE-9893-4B92-8DB4-25A8F7D126E0}"
EndProject
Project("{9A19103F-16F7-4668-BE54-9A1E7A4F7556}") = "App", "Test\App.csproj", "{6E8E541F-5685-4ECE-A96D-2BCFDBC259AA}"
EndProject
Project("{9A19103F-16F7-4668-BE54-9A1E7A4F7556}") = "SangoTimer", "SangoTimer\SangoTimer.csproj", "{12C4A6BE-5BCB-484A-8CF8-91FF957DC288}"
EndProject
Project("{9A19103F-16F7-4668-BE54-9A1E7A4F7556}") = "SangoIOCPNet", "SangoIOCPNet\SangoIOCPNet.csproj", "{EA88BDEA-C111-4529-9518-15E3C7E3A2D6}"
EndProject
Project("{9A19103F-16F7-4668-BE54-9A1E7A4F7556}") = "SangoPriorityQueue", "SangoPriorityQueue\SangoPriorityQueue.csproj", "{F8DD5E5A-F00B-4C4B-9AA1-09FAC6830C0A}"
EndProject
Project("{9A19103F-16F7-4668-BE54-9A1E7A4F7556}") = "SangoKCPNet", "SangoKCPNet\SangoKCPNet.csproj", "{358BBA07-6FBA-43C1-8628-5B457E5D829E}"
EndProject
Project("{9A19103F-16F7-4668-BE54-9A1E7A4F7556}") = "SangoNetFSM", "SangoNetFSM\SangoNetFSM.csproj", "{007F1029-41E0-435D-841D-19D6E4973EFE}"
EndProject
Project("{FAE04EC0-301F-11D3-BF4B-00C04F79EFBC}") = "NetFrameworkEnv", "NetFrameworkEnv\NetFrameworkEnv.csproj", "{1C31D170-88FC-4A5B-9D17-F9CE9D8560E1}"
EndProject
Project("{FAE04EC0-301F-11D3-BF4B-00C04F79EFBC}") = "SangoMMOCommons", "SangoMMOCommons\SangoMMOCommons.csproj", "{83A59518-40F0-415E-B06B-1B1AF7A14773}"
EndProject
Project("{9A19103F-16F7-4668-BE54-9A1E7A4F7556}") = "SangoJsonLoader", "SangoJsonLoader\SangoJsonLoader.csproj", "{B08B5546-C610-4A52-AFC7-654C19F159D9}"
EndProject
Project("{FAE04EC0-301F-11D3-BF4B-00C04F79EFBC}") = "SangoUdpEvent", "SangoUdpEvent\SangoUdpEvent.csproj", "{EDA78EB5-30DB-4DB6-8ABD-461478E002A1}"
EndProject
Global
	GlobalSection(SolutionConfigurationPlatforms) = preSolution
		Debug|Any CPU = Debug|Any CPU
		Release|Any CPU = Release|Any CPU
	EndGlobalSection
	GlobalSection(ProjectConfigurationPlatforms) = postSolution
		{518C92AE-9893-4B92-8DB4-25A8F7D126E0}.Debug|Any CPU.ActiveCfg = Debug|Any CPU
		{518C92AE-9893-4B92-8DB4-25A8F7D126E0}.Debug|Any CPU.Build.0 = Debug|Any CPU
		{518C92AE-9893-4B92-8DB4-25A8F7D126E0}.Release|Any CPU.ActiveCfg = Release|Any CPU
		{518C92AE-9893-4B92-8DB4-25A8F7D126E0}.Release|Any CPU.Build.0 = Release|Any CPU
		{6E8E541F-5685-4ECE-A96D-2BCFDBC259AA}.Debug|Any CPU.ActiveCfg = Debug|Any CPU
		{6E8E541F-5685-4ECE-A96D-2BCFDBC259AA}.Debug|Any CPU.Build.0 = Debug|Any CPU
		{6E8E541F-5685-4ECE-A96D-2BCFDBC259AA}.Release|Any CPU.ActiveCfg = Release|Any CPU
		{6E8E541F-5685-4ECE-A96D-2BCFDBC259AA}.Release|Any CPU.Build.0 = Release|Any CPU
		{12C4A6BE-5BCB-484A-8CF8-91FF957DC288}.Debug|Any CPU.ActiveCfg = Debug|Any CPU
		{12C4A6BE-5BCB-484A-8CF8-91FF957DC288}.Debug|Any CPU.Build.0 = Debug|Any CPU
		{12C4A6BE-5BCB-484A-8CF8-91FF957DC288}.Release|Any CPU.ActiveCfg = Release|Any CPU
		{12C4A6BE-5BCB-484A-8CF8-91FF957DC288}.Release|Any CPU.Build.0 = Release|Any CPU
		{EA88BDEA-C111-4529-9518-15E3C7E3A2D6}.Debug|Any CPU.ActiveCfg = Debug|Any CPU
		{EA88BDEA-C111-4529-9518-15E3C7E3A2D6}.Debug|Any CPU.Build.0 = Debug|Any CPU
		{EA88BDEA-C111-4529-9518-15E3C7E3A2D6}.Release|Any CPU.ActiveCfg = Release|Any CPU
		{EA88BDEA-C111-4529-9518-15E3C7E3A2D6}.Release|Any CPU.Build.0 = Release|Any CPU
		{F8DD5E5A-F00B-4C4B-9AA1-09FAC6830C0A}.Debug|Any CPU.ActiveCfg = Debug|Any CPU
		{F8DD5E5A-F00B-4C4B-9AA1-09FAC6830C0A}.Debug|Any CPU.Build.0 = Debug|Any CPU
		{F8DD5E5A-F00B-4C4B-9AA1-09FAC6830C0A}.Release|Any CPU.ActiveCfg = Release|Any CPU
		{F8DD5E5A-F00B-4C4B-9AA1-09FAC6830C0A}.Release|Any CPU.Build.0 = Release|Any CPU
		{358BBA07-6FBA-43C1-8628-5B457E5D829E}.Debug|Any CPU.ActiveCfg = Debug|Any CPU
		{358BBA07-6FBA-43C1-8628-5B457E5D829E}.Debug|Any CPU.Build.0 = Debug|Any CPU
		{358BBA07-6FBA-43C1-8628-5B457E5D829E}.Release|Any CPU.ActiveCfg = Release|Any CPU
		{358BBA07-6FBA-43C1-8628-5B457E5D829E}.Release|Any CPU.Build.0 = Release|Any CPU
		{007F1029-41E0-435D-841D-19D6E4973EFE}.Debug|Any CPU.ActiveCfg = Debug|Any CPU
		{007F1029-41E0-435D-841D-19D6E4973EFE}.Debug|Any CPU.Build.0 = Debug|Any CPU
		{007F1029-41E0-435D-841D-19D6E4973EFE}.Release|Any CPU.ActiveCfg = Release|Any CPU
		{007F1029-41E0-435D-841D-19D6E4973EFE}.Release|Any CPU.Build.0 = Release|Any CPU
		{1C31D170-88FC-4A5B-9D17-F9CE9D8560E1}.Debug|Any CPU.ActiveCfg = Debug|Any CPU
		{1C31D170-88FC-4A5B-9D17-F9CE9D8560E1}.Debug|Any CPU.Build.0 = Debug|Any CPU
		{1C31D170-88FC-4A5B-9D17-F9CE9D8560E1}.Release|Any CPU.ActiveCfg = Release|Any CPU
		{1C31D170-88FC-4A5B-9D17-F9CE9D8560E1}.Release|Any CPU.Build.0 = Release|Any CPU
		{83A59518-40F0-415E-B06B-1B1AF7A14773}.Debug|Any CPU.ActiveCfg = Debug|Any CPU
		{83A59518-40F0-415E-B06B-1B1AF7A14773}.Debug|Any CPU.Build.0 = Debug|Any CPU
		{83A59518-40F0-415E-B06B-1B1AF7A14773}.Release|Any CPU.ActiveCfg = Release|Any CPU
		{83A59518-40F0-415E-B06B-1B1AF7A14773}.Release|Any CPU.Build.0 = Release|Any CPU
		{B08B5546-C610-4A52-AFC7-654C19F159D9}.Debug|Any CPU.ActiveCfg = Debug|Any CPU
		{B08B5546-C610-4A52-AFC7-654C19F159D9}.Debug|Any CPU.Build.0 = Debug|Any CPU
		{B08B5546-C610-4A52-AFC7-654C19F159D9}.Release|Any CPU.ActiveCfg = Release|Any CPU
		{B08B5546-C610-4A52-AFC7-654C19F159D9}.Release|Any CPU.Build.0 = Release|Any CPU
		{EDA78EB5-30DB-4DB6-8ABD-461478E002A1}.Debug|Any CPU.ActiveCfg = Debug|Any CPU
		{EDA78EB5-30DB-4DB6-8ABD-461478E002A1}.Debug|Any CPU.Build.0 = Debug|Any CPU
		{EDA78EB5-30DB-4DB6-8ABD-461478E002A1}.Release|Any CPU.ActiveCfg = Release|Any CPU
		{EDA78EB5-30DB-4DB6-8ABD-461478E002A1}.Release|Any CPU.Build.0 = Release|Any CPU
	EndGlobalSection
	GlobalSection(SolutionProperties) = preSolution
		HideSolutionNode = FALSE
	EndGlobalSection
	GlobalSection(ExtensibilityGlobals) = postSolution
		SolutionGuid = {54CB593B-08C2-46B0-ACBC-306305DDB8C3}
	EndGlobalSection
EndGlobal
